
Microsoft Visual Studio Solution File, Format Version 12.00
# Visual Studio Version 16
VisualStudioVersion = 16.0.31829.152
MinimumVisualStudioVersion = 10.0.40219.1
Project("{FAE04EC0-301F-11D3-BF4B-00C04F79EFBC}") = "Wpf_task_7", "Wpf_task_7\Wpf_task_7.csproj", "{638568FC-0997-41D5-97F7-E92866564878}"
EndProject
Global
	GlobalSection(SolutionConfigurationPlatforms) = preSolution
		Debug|Any CPU = Debug|Any CPU
		Release|Any CPU = Release|Any CPU
	EndGlobalSection
	GlobalSection(ProjectConfigurationPlatforms) = postSolution
		{638568FC-0997-41D5-97F7-E92866564878}.Debug|Any CPU.ActiveCfg = Debug|Any CPU
		{638568FC-0997-41D5-97F7-E92866564878}.Debug|Any CPU.Build.0 = Debug|Any CPU
		{638568FC-0997-41D5-97F7-E92866564878}.Release|Any CPU.ActiveCfg = Release|Any CPU
		{638568FC-0997-41D5-97F7-E92866564878}.Release|Any CPU.Build.0 = Release|Any CPU
	EndGlobalSection
	GlobalSection(SolutionProperties) = preSolution
		HideSolutionNode = FALSE
	EndGlobalSection
	GlobalSection(ExtensibilityGlobals) = postSolution
		SolutionGuid = {33F20D3D-FB0A-4EDA-B8E7-E7EB6F5B8293}
	EndGlobalSection
EndGlobal
